// !$*UTF8*$!
{
	archiveVersion = 1;
	classes = {
	};
	objectVersion = 56;
	objects = {

/* Begin PBXBuildFile section */
		6E8F19A82AD7C3DC003D32DD /* IntExtensions.swift in Sources */ = {isa = PBXBuildFile; fileRef = 6E8F19A72AD7C3DC003D32DD /* IntExtensions.swift */; };
		6E9344382AD6C73C00736B35 /* AppDelegate.swift in Sources */ = {isa = PBXBuildFile; fileRef = 6E9344372AD6C73C00736B35 /* AppDelegate.swift */; };
		6E93443A2AD6C73C00736B35 /* SceneDelegate.swift in Sources */ = {isa = PBXBuildFile; fileRef = 6E9344392AD6C73C00736B35 /* SceneDelegate.swift */; };
		6E93443C2AD6C73C00736B35 /* ViewController.swift in Sources */ = {isa = PBXBuildFile; fileRef = 6E93443B2AD6C73C00736B35 /* ViewController.swift */; };
		6E93443F2AD6C73C00736B35 /* Main.storyboard in Resources */ = {isa = PBXBuildFile; fileRef = 6E93443D2AD6C73C00736B35 /* Main.storyboard */; };
		6E9344412AD6C73D00736B35 /* Assets.xcassets in Resources */ = {isa = PBXBuildFile; fileRef = 6E9344402AD6C73D00736B35 /* Assets.xcassets */; };
		6E9344442AD6C73D00736B35 /* LaunchScreen.storyboard in Resources */ = {isa = PBXBuildFile; fileRef = 6E9344422AD6C73D00736B35 /* LaunchScreen.storyboard */; };
		6ECB02F52ADD09AB00E5B2D9 /* PlusOperationExtensions.swift in Sources */ = {isa = PBXBuildFile; fileRef = 6ECB02F42ADD09AB00E5B2D9 /* PlusOperationExtensions.swift */; };
		6ECB02F72ADD110000E5B2D9 /* Car-Scene.scn in Resources */ = {isa = PBXBuildFile; fileRef = 6ECB02F62ADD110000E5B2D9 /* Car-Scene.scn */; };
		6ECB02F92ADD17F500E5B2D9 /* SCNSceneExtensions.swift in Sources */ = {isa = PBXBuildFile; fileRef = 6ECB02F82ADD17F500E5B2D9 /* SCNSceneExtensions.swift */; };
/* End PBXBuildFile section */

/* Begin PBXFileReference section */
		6E8F19A72AD7C3DC003D32DD /* IntExtensions.swift */ = {isa = PBXFileReference; lastKnownFileType = sourcecode.swift; path = IntExtensions.swift; sourceTree = "<group>"; };
		6E9344342AD6C73C00736B35 /* Vehicle.app */ = {isa = PBXFileReference; explicitFileType = wrapper.application; includeInIndex = 0; path = Vehicle.app; sourceTree = BUILT_PRODUCTS_DIR; };
		6E9344372AD6C73C00736B35 /* AppDelegate.swift */ = {isa = PBXFileReference; lastKnownFileType = sourcecode.swift; path = AppDelegate.swift; sourceTree = "<group>"; };
		6E9344392AD6C73C00736B35 /* SceneDelegate.swift */ = {isa = PBXFileReference; lastKnownFileType = sourcecode.swift; path = SceneDelegate.swift; sourceTree = "<group>"; };
		6E93443B2AD6C73C00736B35 /* ViewController.swift */ = {isa = PBXFileReference; lastKnownFileType = sourcecode.swift; path = ViewController.swift; sourceTree = "<group>"; };
		6E93443E2AD6C73C00736B35 /* Base */ = {isa = PBXFileReference; lastKnownFileType = file.storyboard; name = Base; path = Base.lproj/Main.storyboard; sourceTree = "<group>"; };
		6E9344402AD6C73D00736B35 /* Assets.xcassets */ = {isa = PBXFileReference; lastKnownFileType = folder.assetcatalog; path = Assets.xcassets; sourceTree = "<group>"; };
		6E9344432AD6C73D00736B35 /* Base */ = {isa = PBXFileReference; lastKnownFileType = file.storyboard; name = Base; path = Base.lproj/LaunchScreen.storyboard; sourceTree = "<group>"; };
		6E9344452AD6C73D00736B35 /* Info.plist */ = {isa = PBXFileReference; lastKnownFileType = text.plist.xml; path = Info.plist; sourceTree = "<group>"; };
		6ECB02F42ADD09AB00E5B2D9 /* PlusOperationExtensions.swift */ = {isa = PBXFileReference; lastKnownFileType = sourcecode.swift; path = PlusOperationExtensions.swift; sourceTree = "<group>"; };
		6ECB02F62ADD110000E5B2D9 /* Car-Scene.scn */ = {isa = PBXFileReference; lastKnownFileType = file.bplist; path = "Car-Scene.scn"; sourceTree = "<group>"; };
		6ECB02F82ADD17F500E5B2D9 /* SCNSceneExtensions.swift */ = {isa = PBXFileReference; lastKnownFileType = sourcecode.swift; path = SCNSceneExtensions.swift; sourceTree = "<group>"; };
/* End PBXFileReference section */

/* Begin PBXFrameworksBuildPhase section */
		6E9344312AD6C73C00736B35 /* Frameworks */ = {
			isa = PBXFrameworksBuildPhase;
			buildActionMask = 2147483647;
			files = (
			);
			runOnlyForDeploymentPostprocessing = 0;
		};
/* End PBXFrameworksBuildPhase section */

/* Begin PBXGroup section */
		6E8F19A62AD7C3D2003D32DD /* Extensions */ = {
			isa = PBXGroup;
			children = (
				6E8F19A72AD7C3DC003D32DD /* IntExtensions.swift */,
				6ECB02F42ADD09AB00E5B2D9 /* PlusOperationExtensions.swift */,
				6ECB02F82ADD17F500E5B2D9 /* SCNSceneExtensions.swift */,
			);
			path = Extensions;
			sourceTree = "<group>";
		};
		6E93442B2AD6C73C00736B35 = {
			isa = PBXGroup;
			children = (
				6E9344362AD6C73C00736B35 /* Vehicle */,
				6E9344352AD6C73C00736B35 /* Products */,
			);
			sourceTree = "<group>";
		};
		6E9344352AD6C73C00736B35 /* Products */ = {
			isa = PBXGroup;
			children = (
				6E9344342AD6C73C00736B35 /* Vehicle.app */,
			);
			name = Products;
			sourceTree = "<group>";
		};
		6E9344362AD6C73C00736B35 /* Vehicle */ = {
			isa = PBXGroup;
			children = (
				6E8F19A62AD7C3D2003D32DD /* Extensions */,
				6E9344372AD6C73C00736B35 /* AppDelegate.swift */,
				6E9344392AD6C73C00736B35 /* SceneDelegate.swift */,
				6E93443B2AD6C73C00736B35 /* ViewController.swift */,
				6E93443D2AD6C73C00736B35 /* Main.storyboard */,
				6E9344402AD6C73D00736B35 /* Assets.xcassets */,
				6E9344422AD6C73D00736B35 /* LaunchScreen.storyboard */,
				6E9344452AD6C73D00736B35 /* Info.plist */,
				6ECB02F62ADD110000E5B2D9 /* Car-Scene.scn */,
			);
			path = Vehicle;
			sourceTree = "<group>";
		};
/* End PBXGroup section */

/* Begin PBXNativeTarget section */
		6E9344332AD6C73C00736B35 /* Vehicle */ = {
			isa = PBXNativeTarget;
			buildConfigurationList = 6E9344482AD6C73D00736B35 /* Build configuration list for PBXNativeTarget "Vehicle" */;
			buildPhases = (
				6E9344302AD6C73C00736B35 /* Sources */,
				6E9344312AD6C73C00736B35 /* Frameworks */,
				6E9344322AD6C73C00736B35 /* Resources */,
			);
			buildRules = (
			);
			dependencies = (
			);
			name = Vehicle;
			productName = "Floor is lava";
			productReference = 6E9344342AD6C73C00736B35 /* Vehicle.app */;
			productType = "com.apple.product-type.application";
		};
/* End PBXNativeTarget section */

/* Begin PBXProject section */
		6E93442C2AD6C73C00736B35 /* Project object */ = {
			isa = PBXProject;
			attributes = {
				BuildIndependentTargetsInParallel = 1;
				LastSwiftUpdateCheck = 1500;
				LastUpgradeCheck = 1500;
				TargetAttributes = {
					6E9344332AD6C73C00736B35 = {
						CreatedOnToolsVersion = 15.0;
					};
				};
			};
			buildConfigurationList = 6E93442F2AD6C73C00736B35 /* Build configuration list for PBXProject "Vehicle" */;
			compatibilityVersion = "Xcode 14.0";
			developmentRegion = en;
			hasScannedForEncodings = 0;
			knownRegions = (
				en,
				Base,
			);
			mainGroup = 6E93442B2AD6C73C00736B35;
			productRefGroup = 6E9344352AD6C73C00736B35 /* Products */;
			projectDirPath = "";
			projectRoot = "";
			targets = (
				6E9344332AD6C73C00736B35 /* Vehicle */,
			);
		};
/* End PBXProject section */

/* Begin PBXResourcesBuildPhase section */
		6E9344322AD6C73C00736B35 /* Resources */ = {
			isa = PBXResourcesBuildPhase;
			buildActionMask = 2147483647;
			files = (
				6ECB02F72ADD110000E5B2D9 /* Car-Scene.scn in Resources */,
				6E9344442AD6C73D00736B35 /* LaunchScreen.storyboard in Resources */,
				6E9344412AD6C73D00736B35 /* Assets.xcassets in Resources */,
				6E93443F2AD6C73C00736B35 /* Main.storyboard in Resources */,
			);
			runOnlyForDeploymentPostprocessing = 0;
		};
/* End PBXResourcesBuildPhase section */

/* Begin PBXSourcesBuildPhase section */
		6E9344302AD6C73C00736B35 /* Sources */ = {
			isa = PBXSourcesBuildPhase;
			buildActionMask = 2147483647;
			files = (
				6E93443C2AD6C73C00736B35 /* ViewController.swift in Sources */,
				6E8F19A82AD7C3DC003D32DD /* IntExtensions.swift in Sources */,
				6E9344382AD6C73C00736B35 /* AppDelegate.swift in Sources */,
				6E93443A2AD6C73C00736B35 /* SceneDelegate.swift in Sources */,
				6ECB02F52ADD09AB00E5B2D9 /* PlusOperationExtensions.swift in Sources */,
				6ECB02F92ADD17F500E5B2D9 /* SCNSceneExtensions.swift in Sources */,
			);
			runOnlyForDeploymentPostprocessing = 0;
		};
/* End PBXSourcesBuildPhase section */

/* Begin PBXVariantGroup section */
		6E93443D2AD6C73C00736B35 /* Main.storyboard */ = {
			isa = PBXVariantGroup;
			children = (
				6E93443E2AD6C73C00736B35 /* Base */,
			);
			name = Main.storyboard;
			sourceTree = "<group>";
		};
		6E9344422AD6C73D00736B35 /* LaunchScreen.storyboard */ = {
			isa = PBXVariantGroup;
			children = (
				6E9344432AD6C73D00736B35 /* Base */,
			);
			name = LaunchScreen.storyboard;
			sourceTree = "<group>";
		};
/* End PBXVariantGroup section */

/* Begin XCBuildConfiguration section */
		6E9344462AD6C73D00736B35 /* Debug */ = {
			isa = XCBuildConfiguration;
			buildSettings = {
				ALWAYS_SEARCH_USER_PATHS = NO;
				ASSETCATALOG_COMPILER_GENERATE_SWIFT_ASSET_SYMBOL_EXTENSIONS = YES;
				CLANG_ANALYZER_NONNULL = YES;
				CLANG_ANALYZER_NUMBER_OBJECT_CONVERSION = YES_AGGRESSIVE;
				CLANG_CXX_LANGUAGE_STANDARD = "gnu++20";
				CLANG_ENABLE_MODULES = YES;
				CLANG_ENABLE_OBJC_ARC = YES;
				CLANG_ENABLE_OBJC_WEAK = YES;
				CLANG_WARN_BLOCK_CAPTURE_AUTORELEASING = YES;
				CLANG_WARN_BOOL_CONVERSION = YES;
				CLANG_WARN_COMMA = YES;
				CLANG_WARN_CONSTANT_CONVERSION = YES;
				CLANG_WARN_DEPRECATED_OBJC_IMPLEMENTATIONS = YES;
				CLANG_WARN_DIRECT_OBJC_ISA_USAGE = YES_ERROR;
				CLANG_WARN_DOCUMENTATION_COMMENTS = YES;
				CLANG_WARN_EMPTY_BODY = YES;
				CLANG_WARN_ENUM_CONVERSION = YES;
				CLANG_WARN_INFINITE_RECURSION = YES;
				CLANG_WARN_INT_CONVERSION = YES;
				CLANG_WARN_NON_LITERAL_NULL_CONVERSION = YES;
				CLANG_WARN_OBJC_IMPLICIT_RETAIN_SELF = YES;
				CLANG_WARN_OBJC_LITERAL_CONVERSION = YES;
				CLANG_WARN_OBJC_ROOT_CLASS = YES_ERROR;
				CLANG_WARN_QUOTED_INCLUDE_IN_FRAMEWORK_HEADER = YES;
				CLANG_WARN_RANGE_LOOP_ANALYSIS = YES;
				CLANG_WARN_STRICT_PROTOTYPES = YES;
				CLANG_WARN_SUSPICIOUS_MOVE = YES;
				CLANG_WARN_UNGUARDED_AVAILABILITY = YES_AGGRESSIVE;
				CLANG_WARN_UNREACHABLE_CODE = YES;
				CLANG_WARN__DUPLICATE_METHOD_MATCH = YES;
				COPY_PHASE_STRIP = NO;
				DEBUG_INFORMATION_FORMAT = dwarf;
				ENABLE_STRICT_OBJC_MSGSEND = YES;
				ENABLE_TESTABILITY = YES;
				ENABLE_USER_SCRIPT_SANDBOXING = YES;
				GCC_C_LANGUAGE_STANDARD = gnu17;
				GCC_DYNAMIC_NO_PIC = NO;
				GCC_NO_COMMON_BLOCKS = YES;
				GCC_OPTIMIZATION_LEVEL = 0;
				GCC_PREPROCESSOR_DEFINITIONS = (
					"DEBUG=1",
					"$(inherited)",
				);
				GCC_WARN_64_TO_32_BIT_CONVERSION = YES;
				GCC_WARN_ABOUT_RETURN_TYPE = YES_ERROR;
				GCC_WARN_UNDECLARED_SELECTOR = YES;
				GCC_WARN_UNINITIALIZED_AUTOS = YES_AGGRESSIVE;
				GCC_WARN_UNUSED_FUNCTION = YES;
				GCC_WARN_UNUSED_VARIABLE = YES;
				IPHONEOS_DEPLOYMENT_TARGET = 17.0;
				LOCALIZATION_PREFERS_STRING_CATALOGS = YES;
				MTL_ENABLE_DEBUG_INFO = INCLUDE_SOURCE;
				MTL_FAST_MATH = YES;
				ONLY_ACTIVE_ARCH = YES;
				SDKROOT = iphoneos;
				SWIFT_ACTIVE_COMPILATION_CONDITIONS = "DEBUG $(inherited)";
				SWIFT_OPTIMIZATION_LEVEL = "-Onone";
			};
			name = Debug;
		};
		6E9344472AD6C73D00736B35 /* Release */ = {
			isa = XCBuildConfiguration;
			buildSettings = {
				ALWAYS_SEARCH_USER_PATHS = NO;
				ASSETCATALOG_COMPILER_GENERATE_SWIFT_ASSET_SYMBOL_EXTENSIONS = YES;
				CLANG_ANALYZER_NONNULL = YES;
				CLANG_ANALYZER_NUMBER_OBJECT_CONVERSION = YES_AGGRESSIVE;
				CLANG_CXX_LANGUAGE_STANDARD = "gnu++20";
				CLANG_ENABLE_MODULES = YES;
				CLANG_ENABLE_OBJC_ARC = YES;
				CLANG_ENABLE_OBJC_WEAK = YES;
				CLANG_WARN_BLOCK_CAPTURE_AUTORELEASING = YES;
				CLANG_WARN_BOOL_CONVERSION = YES;
				CLANG_WARN_COMMA = YES;
				CLANG_WARN_CONSTANT_CONVERSION = YES;
				CLANG_WARN_DEPRECATED_OBJC_IMPLEMENTATIONS = YES;
				CLANG_WARN_DIRECT_OBJC_ISA_USAGE = YES_ERROR;
				CLANG_WARN_DOCUMENTATION_COMMENTS = YES;
				CLANG_WARN_EMPTY_BODY = YES;
				CLANG_WARN_ENUM_CONVERSION = YES;
				CLANG_WARN_INFINITE_RECURSION = YES;
				CLANG_WARN_INT_CONVERSION = YES;
				CLANG_WARN_NON_LITERAL_NULL_CONVERSION = YES;
				CLANG_WARN_OBJC_IMPLICIT_RETAIN_SELF = YES;
				CLANG_WARN_OBJC_LITERAL_CONVERSION = YES;
				CLANG_WARN_OBJC_ROOT_CLASS = YES_ERROR;
				CLANG_WARN_QUOTED_INCLUDE_IN_FRAMEWORK_HEADER = YES;
				CLANG_WARN_RANGE_LOOP_ANALYSIS = YES;
				CLANG_WARN_STRICT_PROTOTYPES = YES;
				CLANG_WARN_SUSPICIOUS_MOVE = YES;
				CLANG_WARN_UNGUARDED_AVAILABILITY = YES_AGGRESSIVE;
				CLANG_WARN_UNREACHABLE_CODE = YES;
				CLANG_WARN__DUPLICATE_METHOD_MATCH = YES;
				COPY_PHASE_STRIP = NO;
				DEBUG_INFORMATION_FORMAT = "dwarf-with-dsym";
				ENABLE_NS_ASSERTIONS = NO;
				ENABLE_STRICT_OBJC_MSGSEND = YES;
				ENABLE_USER_SCRIPT_SANDBOXING = YES;
				GCC_C_LANGUAGE_STANDARD = gnu17;
				GCC_NO_COMMON_BLOCKS = YES;
				GCC_WARN_64_TO_32_BIT_CONVERSION = YES;
				GCC_WARN_ABOUT_RETURN_TYPE = YES_ERROR;
				GCC_WARN_UNDECLARED_SELECTOR = YES;
				GCC_WARN_UNINITIALIZED_AUTOS = YES_AGGRESSIVE;
				GCC_WARN_UNUSED_FUNCTION = YES;
				GCC_WARN_UNUSED_VARIABLE = YES;
				IPHONEOS_DEPLOYMENT_TARGET = 17.0;
				LOCALIZATION_PREFERS_STRING_CATALOGS = YES;
				MTL_ENABLE_DEBUG_INFO = NO;
				MTL_FAST_MATH = YES;
				SDKROOT = iphoneos;
				SWIFT_COMPILATION_MODE = wholemodule;
				VALIDATE_PRODUCT = YES;
			};
			name = Release;
		};
		6E9344492AD6C73D00736B35 /* Debug */ = {
			isa = XCBuildConfiguration;
			buildSettings = {
				ASSETCATALOG_COMPILER_APPICON_NAME = AppIcon;
				ASSETCATALOG_COMPILER_GLOBAL_ACCENT_COLOR_NAME = AccentColor;
				CODE_SIGN_STYLE = Automatic;
				CURRENT_PROJECT_VERSION = 1;
				DEVELOPMENT_TEAM = BD5CJ8U5EG;
				GENERATE_INFOPLIST_FILE = YES;
				INFOPLIST_FILE = Vehicle/Info.plist;
				INFOPLIST_KEY_NSCameraUsageDescription = "You need the camera to display cool ARKit content";
				INFOPLIST_KEY_UIApplicationSupportsIndirectInputEvents = YES;
				INFOPLIST_KEY_UILaunchStoryboardName = LaunchScreen;
				INFOPLIST_KEY_UIMainStoryboardFile = Main;
				INFOPLIST_KEY_UISupportedInterfaceOrientations_iPad = "UIInterfaceOrientationPortrait UIInterfaceOrientationPortraitUpsideDown UIInterfaceOrientationLandscapeLeft UIInterfaceOrientationLandscapeRight";
				INFOPLIST_KEY_UISupportedInterfaceOrientations_iPhone = "UIInterfaceOrientationPortrait UIInterfaceOrientationLandscapeLeft UIInterfaceOrientationLandscapeRight";
				IPHONEOS_DEPLOYMENT_TARGET = 16.0;
				LD_RUNPATH_SEARCH_PATHS = (
					"$(inherited)",
					"@executable_path/Frameworks",
				);
				MARKETING_VERSION = 1.0;
				PRODUCT_BUNDLE_IDENTIFIER = "pro.eventyr.Floor-is-lava";
				PRODUCT_NAME = "$(TARGET_NAME)";
				SWIFT_EMIT_LOC_STRINGS = YES;
				SWIFT_VERSION = 5.0;
				TARGETED_DEVICE_FAMILY = "1,2";
			};
			name = Debug;
		};
		6E93444A2AD6C73D00736B35 /* Release */ = {
			isa = XCBuildConfiguration;
			buildSettings = {
				ASSETCATALOG_COMPILER_APPICON_NAME = AppIcon;
				ASSETCATALOG_COMPILER_GLOBAL_ACCENT_COLOR_NAME = AccentColor;
				CODE_SIGN_STYLE = Automatic;
				CURRENT_PROJECT_VERSION = 1;
				DEVELOPMENT_TEAM = BD5CJ8U5EG;
				GENERATE_INFOPLIST_FILE = YES;
				INFOPLIST_FILE = Vehicle/Info.plist;
				INFOPLIST_KEY_NSCameraUsageDescription = "You need the camera to display cool ARKit content";
				INFOPLIST_KEY_UIApplicationSupportsIndirectInputEvents = YES;
				INFOPLIST_KEY_UILaunchStoryboardName = LaunchScreen;
				INFOPLIST_KEY_UIMainStoryboardFile = Main;
				INFOPLIST_KEY_UISupportedInterfaceOrientations_iPad = "UIInterfaceOrientationPortrait UIInterfaceOrientationPortraitUpsideDown UIInterfaceOrientationLandscapeLeft UIInterfaceOrientationLandscapeRight";
				INFOPLIST_KEY_UISupportedInterfaceOrientations_iPhone = "UIInterfaceOrientationPortrait UIInterfaceOrientationLandscapeLeft UIInterfaceOrientationLandscapeRight";
				IPHONEOS_DEPLOYMENT_TARGET = 16.0;
				LD_RUNPATH_SEARCH_PATHS = (
					"$(inherited)",
					"@executable_path/Frameworks",
				);
				MARKETING_VERSION = 1.0;
				PRODUCT_BUNDLE_IDENTIFIER = "pro.eventyr.Floor-is-lava";
				PRODUCT_NAME = "$(TARGET_NAME)";
				SWIFT_EMIT_LOC_STRINGS = YES;
				SWIFT_VERSION = 5.0;
				TARGETED_DEVICE_FAMILY = "1,2";
			};
			name = Release;
		};
/* End XCBuildConfiguration section */

/* Begin XCConfigurationList section */
		6E93442F2AD6C73C00736B35 /* Build configuration list for PBXProject "Vehicle" */ = {
			isa = XCConfigurationList;
			buildConfigurations = (
				6E9344462AD6C73D00736B35 /* Debug */,
				6E9344472AD6C73D00736B35 /* Release */,
			);
			defaultConfigurationIsVisible = 0;
			defaultConfigurationName = Release;
		};
		6E9344482AD6C73D00736B35 /* Build configuration list for PBXNativeTarget "Vehicle" */ = {
			isa = XCConfigurationList;
			buildConfigurations = (
				6E9344492AD6C73D00736B35 /* Debug */,
				6E93444A2AD6C73D00736B35 /* Release */,
			);
			defaultConfigurationIsVisible = 0;
			defaultConfigurationName = Release;
		};
/* End XCConfigurationList section */
	};
	rootObject = 6E93442C2AD6C73C00736B35 /* Project object */;
}
