// !$*UTF8*$!
{
	archiveVersion = 1;
	classes = {
	};
	objectVersion = 56;
	objects = {

/* Begin PBXBuildFile section */
		6E4E38AF2B0B58F800895354 /* AppDelegate.swift in Sources */ = {isa = PBXBuildFile; fileRef = 6E4E38AE2B0B58F800895354 /* AppDelegate.swift */; };
		6E4E38B12B0B58F800895354 /* SceneDelegate.swift in Sources */ = {isa = PBXBuildFile; fileRef = 6E4E38B02B0B58F800895354 /* SceneDelegate.swift */; };
		6E4E38B32B0B58F800895354 /* ViewController.swift in Sources */ = {isa = PBXBuildFile; fileRef = 6E4E38B22B0B58F800895354 /* ViewController.swift */; };
		6E4E38B62B0B58F800895354 /* Main.storyboard in Resources */ = {isa = PBXBuildFile; fileRef = 6E4E38B42B0B58F800895354 /* Main.storyboard */; };
		6E4E38B82B0B58F900895354 /* Assets.xcassets in Resources */ = {isa = PBXBuildFile; fileRef = 6E4E38B72B0B58F900895354 /* Assets.xcassets */; };
		6E4E38BB2B0B58F900895354 /* LaunchScreen.storyboard in Resources */ = {isa = PBXBuildFile; fileRef = 6E4E38B92B0B58F900895354 /* LaunchScreen.storyboard */; };
		6E4E38C52B0DE20200895354 /* Portal.scnassets in Resources */ = {isa = PBXBuildFile; fileRef = 6E4E38C42B0DE20200895354 /* Portal.scnassets */; };
		6E4E38C72B0DE21200895354 /* SCNSceneExtensions.swift in Sources */ = {isa = PBXBuildFile; fileRef = 6E4E38C62B0DE21200895354 /* SCNSceneExtensions.swift */; };
		6E4E38C92B0DE5AD00895354 /* Node.swift in Sources */ = {isa = PBXBuildFile; fileRef = 6E4E38C82B0DE5AD00895354 /* Node.swift */; };
		6E4E38CC2B0DE73100895354 /* UIImageExtensions.swift in Sources */ = {isa = PBXBuildFile; fileRef = 6E4E38CB2B0DE73100895354 /* UIImageExtensions.swift */; };
/* End PBXBuildFile section */

/* Begin PBXFileReference section */
		6E4E38AB2B0B58F800895354 /* AR-Portal.app */ = {isa = PBXFileReference; explicitFileType = wrapper.application; includeInIndex = 0; path = "AR-Portal.app"; sourceTree = BUILT_PRODUCTS_DIR; };
		6E4E38AE2B0B58F800895354 /* AppDelegate.swift */ = {isa = PBXFileReference; lastKnownFileType = sourcecode.swift; path = AppDelegate.swift; sourceTree = "<group>"; };
		6E4E38B02B0B58F800895354 /* SceneDelegate.swift */ = {isa = PBXFileReference; lastKnownFileType = sourcecode.swift; path = SceneDelegate.swift; sourceTree = "<group>"; };
		6E4E38B22B0B58F800895354 /* ViewController.swift */ = {isa = PBXFileReference; lastKnownFileType = sourcecode.swift; path = ViewController.swift; sourceTree = "<group>"; };
		6E4E38B52B0B58F800895354 /* Base */ = {isa = PBXFileReference; lastKnownFileType = file.storyboard; name = Base; path = Base.lproj/Main.storyboard; sourceTree = "<group>"; };
		6E4E38B72B0B58F900895354 /* Assets.xcassets */ = {isa = PBXFileReference; lastKnownFileType = folder.assetcatalog; path = Assets.xcassets; sourceTree = "<group>"; };
		6E4E38BA2B0B58F900895354 /* Base */ = {isa = PBXFileReference; lastKnownFileType = file.storyboard; name = Base; path = Base.lproj/LaunchScreen.storyboard; sourceTree = "<group>"; };
		6E4E38BC2B0B58F900895354 /* Info.plist */ = {isa = PBXFileReference; lastKnownFileType = text.plist.xml; path = Info.plist; sourceTree = "<group>"; };
		6E4E38C42B0DE20200895354 /* Portal.scnassets */ = {isa = PBXFileReference; lastKnownFileType = wrapper.scnassets; path = Portal.scnassets; sourceTree = "<group>"; };
		6E4E38C62B0DE21200895354 /* SCNSceneExtensions.swift */ = {isa = PBXFileReference; lastKnownFileType = sourcecode.swift; path = SCNSceneExtensions.swift; sourceTree = "<group>"; };
		6E4E38C82B0DE5AD00895354 /* Node.swift */ = {isa = PBXFileReference; lastKnownFileType = sourcecode.swift; path = Node.swift; sourceTree = "<group>"; };
		6E4E38CB2B0DE73100895354 /* UIImageExtensions.swift */ = {isa = PBXFileReference; lastKnownFileType = sourcecode.swift; path = UIImageExtensions.swift; sourceTree = "<group>"; };
/* End PBXFileReference section */

/* Begin PBXFrameworksBuildPhase section */
		6E4E38A82B0B58F800895354 /* Frameworks */ = {
			isa = PBXFrameworksBuildPhase;
			buildActionMask = 2147483647;
			files = (
			);
			runOnlyForDeploymentPostprocessing = 0;
		};
/* End PBXFrameworksBuildPhase section */

/* Begin PBXGroup section */
		6E4E38A22B0B58F800895354 = {
			isa = PBXGroup;
			children = (
				6E4E38AD2B0B58F800895354 /* AR-Portal */,
				6E4E38AC2B0B58F800895354 /* Products */,
			);
			sourceTree = "<group>";
		};
		6E4E38AC2B0B58F800895354 /* Products */ = {
			isa = PBXGroup;
			children = (
				6E4E38AB2B0B58F800895354 /* AR-Portal.app */,
			);
			name = Products;
			sourceTree = "<group>";
		};
		6E4E38AD2B0B58F800895354 /* AR-Portal */ = {
			isa = PBXGroup;
			children = (
				6E4E38CA2B0DE72700895354 /* Extensions */,
				6E4E38AE2B0B58F800895354 /* AppDelegate.swift */,
				6E4E38B02B0B58F800895354 /* SceneDelegate.swift */,
				6E4E38C82B0DE5AD00895354 /* Node.swift */,
				6E4E38B22B0B58F800895354 /* ViewController.swift */,
				6E4E38B42B0B58F800895354 /* Main.storyboard */,
				6E4E38B72B0B58F900895354 /* Assets.xcassets */,
				6E4E38B92B0B58F900895354 /* LaunchScreen.storyboard */,
				6E4E38BC2B0B58F900895354 /* Info.plist */,
				6E4E38C42B0DE20200895354 /* Portal.scnassets */,
			);
			path = "AR-Portal";
			sourceTree = "<group>";
		};
		6E4E38CA2B0DE72700895354 /* Extensions */ = {
			isa = PBXGroup;
			children = (
				6E4E38C62B0DE21200895354 /* SCNSceneExtensions.swift */,
				6E4E38CB2B0DE73100895354 /* UIImageExtensions.swift */,
			);
			path = Extensions;
			sourceTree = "<group>";
		};
/* End PBXGroup section */

/* Begin PBXNativeTarget section */
		6E4E38AA2B0B58F800895354 /* AR-Portal */ = {
			isa = PBXNativeTarget;
			buildConfigurationList = 6E4E38BF2B0B58F900895354 /* Build configuration list for PBXNativeTarget "AR-Portal" */;
			buildPhases = (
				6E4E38A72B0B58F800895354 /* Sources */,
				6E4E38A82B0B58F800895354 /* Frameworks */,
				6E4E38A92B0B58F800895354 /* Resources */,
			);
			buildRules = (
			);
			dependencies = (
			);
			name = "AR-Portal";
			productName = "AR-Portal";
			productReference = 6E4E38AB2B0B58F800895354 /* AR-Portal.app */;
			productType = "com.apple.product-type.application";
		};
/* End PBXNativeTarget section */

/* Begin PBXProject section */
		6E4E38A32B0B58F800895354 /* Project object */ = {
			isa = PBXProject;
			attributes = {
				BuildIndependentTargetsInParallel = 1;
				LastSwiftUpdateCheck = 1500;
				LastUpgradeCheck = 1500;
				TargetAttributes = {
					6E4E38AA2B0B58F800895354 = {
						CreatedOnToolsVersion = 15.0.1;
					};
				};
			};
			buildConfigurationList = 6E4E38A62B0B58F800895354 /* Build configuration list for PBXProject "AR-Portal" */;
			compatibilityVersion = "Xcode 14.0";
			developmentRegion = en;
			hasScannedForEncodings = 0;
			knownRegions = (
				en,
				Base,
			);
			mainGroup = 6E4E38A22B0B58F800895354;
			productRefGroup = 6E4E38AC2B0B58F800895354 /* Products */;
			projectDirPath = "";
			projectRoot = "";
			targets = (
				6E4E38AA2B0B58F800895354 /* AR-Portal */,
			);
		};
/* End PBXProject section */

/* Begin PBXResourcesBuildPhase section */
		6E4E38A92B0B58F800895354 /* Resources */ = {
			isa = PBXResourcesBuildPhase;
			buildActionMask = 2147483647;
			files = (
				6E4E38C52B0DE20200895354 /* Portal.scnassets in Resources */,
				6E4E38BB2B0B58F900895354 /* LaunchScreen.storyboard in Resources */,
				6E4E38B82B0B58F900895354 /* Assets.xcassets in Resources */,
				6E4E38B62B0B58F800895354 /* Main.storyboard in Resources */,
			);
			runOnlyForDeploymentPostprocessing = 0;
		};
/* End PBXResourcesBuildPhase section */

/* Begin PBXSourcesBuildPhase section */
		6E4E38A72B0B58F800895354 /* Sources */ = {
			isa = PBXSourcesBuildPhase;
			buildActionMask = 2147483647;
			files = (
				6E4E38B32B0B58F800895354 /* ViewController.swift in Sources */,
				6E4E38C72B0DE21200895354 /* SCNSceneExtensions.swift in Sources */,
				6E4E38C92B0DE5AD00895354 /* Node.swift in Sources */,
				6E4E38CC2B0DE73100895354 /* UIImageExtensions.swift in Sources */,
				6E4E38AF2B0B58F800895354 /* AppDelegate.swift in Sources */,
				6E4E38B12B0B58F800895354 /* SceneDelegate.swift in Sources */,
			);
			runOnlyForDeploymentPostprocessing = 0;
		};
/* End PBXSourcesBuildPhase section */

/* Begin PBXVariantGroup section */
		6E4E38B42B0B58F800895354 /* Main.storyboard */ = {
			isa = PBXVariantGroup;
			children = (
				6E4E38B52B0B58F800895354 /* Base */,
			);
			name = Main.storyboard;
			sourceTree = "<group>";
		};
		6E4E38B92B0B58F900895354 /* LaunchScreen.storyboard */ = {
			isa = PBXVariantGroup;
			children = (
				6E4E38BA2B0B58F900895354 /* Base */,
			);
			name = LaunchScreen.storyboard;
			sourceTree = "<group>";
		};
/* End PBXVariantGroup section */

/* Begin XCBuildConfiguration section */
		6E4E38BD2B0B58F900895354 /* Debug */ = {
			isa = XCBuildConfiguration;
			buildSettings = {
				ALWAYS_SEARCH_USER_PATHS = NO;
				ASSETCATALOG_COMPILER_GENERATE_SWIFT_ASSET_SYMBOL_EXTENSIONS = YES;
				CLANG_ANALYZER_NONNULL = YES;
				CLANG_ANALYZER_NUMBER_OBJECT_CONVERSION = YES_AGGRESSIVE;
				CLANG_CXX_LANGUAGE_STANDARD = "gnu++20";
				CLANG_ENABLE_MODULES = YES;
				CLANG_ENABLE_OBJC_ARC = YES;
				CLANG_ENABLE_OBJC_WEAK = YES;
				CLANG_WARN_BLOCK_CAPTURE_AUTORELEASING = YES;
				CLANG_WARN_BOOL_CONVERSION = YES;
				CLANG_WARN_COMMA = YES;
				CLANG_WARN_CONSTANT_CONVERSION = YES;
				CLANG_WARN_DEPRECATED_OBJC_IMPLEMENTATIONS = YES;
				CLANG_WARN_DIRECT_OBJC_ISA_USAGE = YES_ERROR;
				CLANG_WARN_DOCUMENTATION_COMMENTS = YES;
				CLANG_WARN_EMPTY_BODY = YES;
				CLANG_WARN_ENUM_CONVERSION = YES;
				CLANG_WARN_INFINITE_RECURSION = YES;
				CLANG_WARN_INT_CONVERSION = YES;
				CLANG_WARN_NON_LITERAL_NULL_CONVERSION = YES;
				CLANG_WARN_OBJC_IMPLICIT_RETAIN_SELF = YES;
				CLANG_WARN_OBJC_LITERAL_CONVERSION = YES;
				CLANG_WARN_OBJC_ROOT_CLASS = YES_ERROR;
				CLANG_WARN_QUOTED_INCLUDE_IN_FRAMEWORK_HEADER = YES;
				CLANG_WARN_RANGE_LOOP_ANALYSIS = YES;
				CLANG_WARN_STRICT_PROTOTYPES = YES;
				CLANG_WARN_SUSPICIOUS_MOVE = YES;
				CLANG_WARN_UNGUARDED_AVAILABILITY = YES_AGGRESSIVE;
				CLANG_WARN_UNREACHABLE_CODE = YES;
				CLANG_WARN__DUPLICATE_METHOD_MATCH = YES;
				COPY_PHASE_STRIP = NO;
				DEBUG_INFORMATION_FORMAT = dwarf;
				ENABLE_STRICT_OBJC_MSGSEND = YES;
				ENABLE_TESTABILITY = YES;
				ENABLE_USER_SCRIPT_SANDBOXING = YES;
				GCC_C_LANGUAGE_STANDARD = gnu17;
				GCC_DYNAMIC_NO_PIC = NO;
				GCC_NO_COMMON_BLOCKS = YES;
				GCC_OPTIMIZATION_LEVEL = 0;
				GCC_PREPROCESSOR_DEFINITIONS = (
					"DEBUG=1",
					"$(inherited)",
				);
				GCC_WARN_64_TO_32_BIT_CONVERSION = YES;
				GCC_WARN_ABOUT_RETURN_TYPE = YES_ERROR;
				GCC_WARN_UNDECLARED_SELECTOR = YES;
				GCC_WARN_UNINITIALIZED_AUTOS = YES_AGGRESSIVE;
				GCC_WARN_UNUSED_FUNCTION = YES;
				GCC_WARN_UNUSED_VARIABLE = YES;
				IPHONEOS_DEPLOYMENT_TARGET = 17.0;
				LOCALIZATION_PREFERS_STRING_CATALOGS = YES;
				MTL_ENABLE_DEBUG_INFO = INCLUDE_SOURCE;
				MTL_FAST_MATH = YES;
				ONLY_ACTIVE_ARCH = YES;
				SDKROOT = iphoneos;
				SWIFT_ACTIVE_COMPILATION_CONDITIONS = "DEBUG $(inherited)";
				SWIFT_OPTIMIZATION_LEVEL = "-Onone";
			};
			name = Debug;
		};
		6E4E38BE2B0B58F900895354 /* Release */ = {
			isa = XCBuildConfiguration;
			buildSettings = {
				ALWAYS_SEARCH_USER_PATHS = NO;
				ASSETCATALOG_COMPILER_GENERATE_SWIFT_ASSET_SYMBOL_EXTENSIONS = YES;
				CLANG_ANALYZER_NONNULL = YES;
				CLANG_ANALYZER_NUMBER_OBJECT_CONVERSION = YES_AGGRESSIVE;
				CLANG_CXX_LANGUAGE_STANDARD = "gnu++20";
				CLANG_ENABLE_MODULES = YES;
				CLANG_ENABLE_OBJC_ARC = YES;
				CLANG_ENABLE_OBJC_WEAK = YES;
				CLANG_WARN_BLOCK_CAPTURE_AUTORELEASING = YES;
				CLANG_WARN_BOOL_CONVERSION = YES;
				CLANG_WARN_COMMA = YES;
				CLANG_WARN_CONSTANT_CONVERSION = YES;
				CLANG_WARN_DEPRECATED_OBJC_IMPLEMENTATIONS = YES;
				CLANG_WARN_DIRECT_OBJC_ISA_USAGE = YES_ERROR;
				CLANG_WARN_DOCUMENTATION_COMMENTS = YES;
				CLANG_WARN_EMPTY_BODY = YES;
				CLANG_WARN_ENUM_CONVERSION = YES;
				CLANG_WARN_INFINITE_RECURSION = YES;
				CLANG_WARN_INT_CONVERSION = YES;
				CLANG_WARN_NON_LITERAL_NULL_CONVERSION = YES;
				CLANG_WARN_OBJC_IMPLICIT_RETAIN_SELF = YES;
				CLANG_WARN_OBJC_LITERAL_CONVERSION = YES;
				CLANG_WARN_OBJC_ROOT_CLASS = YES_ERROR;
				CLANG_WARN_QUOTED_INCLUDE_IN_FRAMEWORK_HEADER = YES;
				CLANG_WARN_RANGE_LOOP_ANALYSIS = YES;
				CLANG_WARN_STRICT_PROTOTYPES = YES;
				CLANG_WARN_SUSPICIOUS_MOVE = YES;
				CLANG_WARN_UNGUARDED_AVAILABILITY = YES_AGGRESSIVE;
				CLANG_WARN_UNREACHABLE_CODE = YES;
				CLANG_WARN__DUPLICATE_METHOD_MATCH = YES;
				COPY_PHASE_STRIP = NO;
				DEBUG_INFORMATION_FORMAT = "dwarf-with-dsym";
				ENABLE_NS_ASSERTIONS = NO;
				ENABLE_STRICT_OBJC_MSGSEND = YES;
				ENABLE_USER_SCRIPT_SANDBOXING = YES;
				GCC_C_LANGUAGE_STANDARD = gnu17;
				GCC_NO_COMMON_BLOCKS = YES;
				GCC_WARN_64_TO_32_BIT_CONVERSION = YES;
				GCC_WARN_ABOUT_RETURN_TYPE = YES_ERROR;
				GCC_WARN_UNDECLARED_SELECTOR = YES;
				GCC_WARN_UNINITIALIZED_AUTOS = YES_AGGRESSIVE;
				GCC_WARN_UNUSED_FUNCTION = YES;
				GCC_WARN_UNUSED_VARIABLE = YES;
				IPHONEOS_DEPLOYMENT_TARGET = 17.0;
				LOCALIZATION_PREFERS_STRING_CATALOGS = YES;
				MTL_ENABLE_DEBUG_INFO = NO;
				MTL_FAST_MATH = YES;
				SDKROOT = iphoneos;
				SWIFT_COMPILATION_MODE = wholemodule;
				VALIDATE_PRODUCT = YES;
			};
			name = Release;
		};
		6E4E38C02B0B58F900895354 /* Debug */ = {
			isa = XCBuildConfiguration;
			buildSettings = {
				ASSETCATALOG_COMPILER_APPICON_NAME = AppIcon;
				ASSETCATALOG_COMPILER_GLOBAL_ACCENT_COLOR_NAME = AccentColor;
				CODE_SIGN_STYLE = Automatic;
				CURRENT_PROJECT_VERSION = 1;
				DEVELOPMENT_TEAM = BD5CJ8U5EG;
				GENERATE_INFOPLIST_FILE = YES;
				INFOPLIST_FILE = "AR-Portal/Info.plist";
				INFOPLIST_KEY_NSCameraUsageDescription = "Your camera will be used to displayed coll AR stuff";
				INFOPLIST_KEY_UIApplicationSupportsIndirectInputEvents = YES;
				INFOPLIST_KEY_UILaunchStoryboardName = LaunchScreen;
				INFOPLIST_KEY_UIMainStoryboardFile = Main;
				INFOPLIST_KEY_UISupportedInterfaceOrientations_iPad = "UIInterfaceOrientationPortrait UIInterfaceOrientationPortraitUpsideDown UIInterfaceOrientationLandscapeLeft UIInterfaceOrientationLandscapeRight";
				INFOPLIST_KEY_UISupportedInterfaceOrientations_iPhone = "UIInterfaceOrientationPortrait UIInterfaceOrientationLandscapeLeft UIInterfaceOrientationLandscapeRight";
				IPHONEOS_DEPLOYMENT_TARGET = 16.0;
				LD_RUNPATH_SEARCH_PATHS = (
					"$(inherited)",
					"@executable_path/Frameworks",
				);
				MARKETING_VERSION = 1.0;
				PRODUCT_BUNDLE_IDENTIFIER = "pro.eventyr.AR-Portal";
				PRODUCT_NAME = "$(TARGET_NAME)";
				SWIFT_EMIT_LOC_STRINGS = YES;
				SWIFT_VERSION = 5.0;
				TARGETED_DEVICE_FAMILY = "1,2";
			};
			name = Debug;
		};
		6E4E38C12B0B58F900895354 /* Release */ = {
			isa = XCBuildConfiguration;
			buildSettings = {
				ASSETCATALOG_COMPILER_APPICON_NAME = AppIcon;
				ASSETCATALOG_COMPILER_GLOBAL_ACCENT_COLOR_NAME = AccentColor;
				CODE_SIGN_STYLE = Automatic;
				CURRENT_PROJECT_VERSION = 1;
				DEVELOPMENT_TEAM = BD5CJ8U5EG;
				GENERATE_INFOPLIST_FILE = YES;
				INFOPLIST_FILE = "AR-Portal/Info.plist";
				INFOPLIST_KEY_NSCameraUsageDescription = "Your camera will be used to displayed coll AR stuff";
				INFOPLIST_KEY_UIApplicationSupportsIndirectInputEvents = YES;
				INFOPLIST_KEY_UILaunchStoryboardName = LaunchScreen;
				INFOPLIST_KEY_UIMainStoryboardFile = Main;
				INFOPLIST_KEY_UISupportedInterfaceOrientations_iPad = "UIInterfaceOrientationPortrait UIInterfaceOrientationPortraitUpsideDown UIInterfaceOrientationLandscapeLeft UIInterfaceOrientationLandscapeRight";
				INFOPLIST_KEY_UISupportedInterfaceOrientations_iPhone = "UIInterfaceOrientationPortrait UIInterfaceOrientationLandscapeLeft UIInterfaceOrientationLandscapeRight";
				IPHONEOS_DEPLOYMENT_TARGET = 16.0;
				LD_RUNPATH_SEARCH_PATHS = (
					"$(inherited)",
					"@executable_path/Frameworks",
				);
				MARKETING_VERSION = 1.0;
				PRODUCT_BUNDLE_IDENTIFIER = "pro.eventyr.AR-Portal";
				PRODUCT_NAME = "$(TARGET_NAME)";
				SWIFT_EMIT_LOC_STRINGS = YES;
				SWIFT_VERSION = 5.0;
				TARGETED_DEVICE_FAMILY = "1,2";
			};
			name = Release;
		};
/* End XCBuildConfiguration section */

/* Begin XCConfigurationList section */
		6E4E38A62B0B58F800895354 /* Build configuration list for PBXProject "AR-Portal" */ = {
			isa = XCConfigurationList;
			buildConfigurations = (
				6E4E38BD2B0B58F900895354 /* Debug */,
				6E4E38BE2B0B58F900895354 /* Release */,
			);
			defaultConfigurationIsVisible = 0;
			defaultConfigurationName = Release;
		};
		6E4E38BF2B0B58F900895354 /* Build configuration list for PBXNativeTarget "AR-Portal" */ = {
			isa = XCConfigurationList;
			buildConfigurations = (
				6E4E38C02B0B58F900895354 /* Debug */,
				6E4E38C12B0B58F900895354 /* Release */,
			);
			defaultConfigurationIsVisible = 0;
			defaultConfigurationName = Release;
		};
/* End XCConfigurationList section */
	};
	rootObject = 6E4E38A32B0B58F800895354 /* Project object */;
}
