// !$*UTF8*$!
{
	archiveVersion = 1;
	classes = {
	};
	objectVersion = 56;
	objects = {

/* Begin PBXBuildFile section */
		6EC3AB9E2AD8EB64005B2FEE /* AppDelegate.swift in Sources */ = {isa = PBXBuildFile; fileRef = 6EC3AB9D2AD8EB64005B2FEE /* AppDelegate.swift */; };
		6EC3ABA02AD8EB64005B2FEE /* SceneDelegate.swift in Sources */ = {isa = PBXBuildFile; fileRef = 6EC3AB9F2AD8EB64005B2FEE /* SceneDelegate.swift */; };
		6EC3ABA22AD8EB64005B2FEE /* ViewController.swift in Sources */ = {isa = PBXBuildFile; fileRef = 6EC3ABA12AD8EB64005B2FEE /* ViewController.swift */; };
		6EC3ABA52AD8EB64005B2FEE /* Main.storyboard in Resources */ = {isa = PBXBuildFile; fileRef = 6EC3ABA32AD8EB64005B2FEE /* Main.storyboard */; };
		6EC3ABA72AD8EB65005B2FEE /* Assets.xcassets in Resources */ = {isa = PBXBuildFile; fileRef = 6EC3ABA62AD8EB65005B2FEE /* Assets.xcassets */; };
		6EC3ABAA2AD8EB65005B2FEE /* LaunchScreen.storyboard in Resources */ = {isa = PBXBuildFile; fileRef = 6EC3ABA82AD8EB65005B2FEE /* LaunchScreen.storyboard */; };
		6EC3ABB22AD8EFBD005B2FEE /* ItemCell.swift in Sources */ = {isa = PBXBuildFile; fileRef = 6EC3ABB12AD8EFBD005B2FEE /* ItemCell.swift */; };
		6EC3ABB62AD90F1F005B2FEE /* Models.scnassets in Resources */ = {isa = PBXBuildFile; fileRef = 6EC3ABB52AD90F1F005B2FEE /* Models.scnassets */; };
		6EC3ABBD2AD91191005B2FEE /* SCNSceneExtensions.swift in Sources */ = {isa = PBXBuildFile; fileRef = 6EC3ABBC2AD91191005B2FEE /* SCNSceneExtensions.swift */; };
		6EC3ABC02AD9123D005B2FEE /* Item.swift in Sources */ = {isa = PBXBuildFile; fileRef = 6EC3ABBF2AD9123D005B2FEE /* Item.swift */; };
		6EC3ABC22AD912B1005B2FEE /* ArrayExtensions.swift in Sources */ = {isa = PBXBuildFile; fileRef = 6EC3ABC12AD912B1005B2FEE /* ArrayExtensions.swift */; };
		6EC3ABC42AD95AB2005B2FEE /* IntExtensions.swift in Sources */ = {isa = PBXBuildFile; fileRef = 6EC3ABC32AD95AB2005B2FEE /* IntExtensions.swift */; };
/* End PBXBuildFile section */

/* Begin PBXFileReference section */
		6EC3AB9A2AD8EB64005B2FEE /* Ikea.app */ = {isa = PBXFileReference; explicitFileType = wrapper.application; includeInIndex = 0; path = Ikea.app; sourceTree = BUILT_PRODUCTS_DIR; };
		6EC3AB9D2AD8EB64005B2FEE /* AppDelegate.swift */ = {isa = PBXFileReference; lastKnownFileType = sourcecode.swift; path = AppDelegate.swift; sourceTree = "<group>"; };
		6EC3AB9F2AD8EB64005B2FEE /* SceneDelegate.swift */ = {isa = PBXFileReference; lastKnownFileType = sourcecode.swift; path = SceneDelegate.swift; sourceTree = "<group>"; };
		6EC3ABA12AD8EB64005B2FEE /* ViewController.swift */ = {isa = PBXFileReference; lastKnownFileType = sourcecode.swift; path = ViewController.swift; sourceTree = "<group>"; };
		6EC3ABA42AD8EB64005B2FEE /* Base */ = {isa = PBXFileReference; lastKnownFileType = file.storyboard; name = Base; path = Base.lproj/Main.storyboard; sourceTree = "<group>"; };
		6EC3ABA62AD8EB65005B2FEE /* Assets.xcassets */ = {isa = PBXFileReference; lastKnownFileType = folder.assetcatalog; path = Assets.xcassets; sourceTree = "<group>"; };
		6EC3ABA92AD8EB65005B2FEE /* Base */ = {isa = PBXFileReference; lastKnownFileType = file.storyboard; name = Base; path = Base.lproj/LaunchScreen.storyboard; sourceTree = "<group>"; };
		6EC3ABAB2AD8EB65005B2FEE /* Info.plist */ = {isa = PBXFileReference; lastKnownFileType = text.plist.xml; path = Info.plist; sourceTree = "<group>"; };
		6EC3ABB12AD8EFBD005B2FEE /* ItemCell.swift */ = {isa = PBXFileReference; lastKnownFileType = sourcecode.swift; path = ItemCell.swift; sourceTree = "<group>"; };
		6EC3ABB52AD90F1F005B2FEE /* Models.scnassets */ = {isa = PBXFileReference; lastKnownFileType = wrapper.scnassets; path = Models.scnassets; sourceTree = "<group>"; };
		6EC3ABBC2AD91191005B2FEE /* SCNSceneExtensions.swift */ = {isa = PBXFileReference; lastKnownFileType = sourcecode.swift; path = SCNSceneExtensions.swift; sourceTree = "<group>"; };
		6EC3ABBF2AD9123D005B2FEE /* Item.swift */ = {isa = PBXFileReference; lastKnownFileType = sourcecode.swift; path = Item.swift; sourceTree = "<group>"; };
		6EC3ABC12AD912B1005B2FEE /* ArrayExtensions.swift */ = {isa = PBXFileReference; lastKnownFileType = sourcecode.swift; path = ArrayExtensions.swift; sourceTree = "<group>"; };
		6EC3ABC32AD95AB2005B2FEE /* IntExtensions.swift */ = {isa = PBXFileReference; lastKnownFileType = sourcecode.swift; path = IntExtensions.swift; sourceTree = "<group>"; };
/* End PBXFileReference section */

/* Begin PBXFrameworksBuildPhase section */
		6EC3AB972AD8EB64005B2FEE /* Frameworks */ = {
			isa = PBXFrameworksBuildPhase;
			buildActionMask = 2147483647;
			files = (
			);
			runOnlyForDeploymentPostprocessing = 0;
		};
/* End PBXFrameworksBuildPhase section */

/* Begin PBXGroup section */
		6EC3AB912AD8EB64005B2FEE = {
			isa = PBXGroup;
			children = (
				6EC3AB9C2AD8EB64005B2FEE /* Ikea */,
				6EC3AB9B2AD8EB64005B2FEE /* Products */,
			);
			sourceTree = "<group>";
		};
		6EC3AB9B2AD8EB64005B2FEE /* Products */ = {
			isa = PBXGroup;
			children = (
				6EC3AB9A2AD8EB64005B2FEE /* Ikea.app */,
			);
			name = Products;
			sourceTree = "<group>";
		};
		6EC3AB9C2AD8EB64005B2FEE /* Ikea */ = {
			isa = PBXGroup;
			children = (
				6EC3ABBE2AD91232005B2FEE /* Enums */,
				6EC3ABBB2AD91180005B2FEE /* Extensions */,
				6EC3AB9D2AD8EB64005B2FEE /* AppDelegate.swift */,
				6EC3AB9F2AD8EB64005B2FEE /* SceneDelegate.swift */,
				6EC3ABA12AD8EB64005B2FEE /* ViewController.swift */,
				6EC3ABA32AD8EB64005B2FEE /* Main.storyboard */,
				6EC3ABA62AD8EB65005B2FEE /* Assets.xcassets */,
				6EC3ABA82AD8EB65005B2FEE /* LaunchScreen.storyboard */,
				6EC3ABAB2AD8EB65005B2FEE /* Info.plist */,
				6EC3ABB12AD8EFBD005B2FEE /* ItemCell.swift */,
				6EC3ABB52AD90F1F005B2FEE /* Models.scnassets */,
			);
			path = Ikea;
			sourceTree = "<group>";
		};
		6EC3ABBB2AD91180005B2FEE /* Extensions */ = {
			isa = PBXGroup;
			children = (
				6EC3ABBC2AD91191005B2FEE /* SCNSceneExtensions.swift */,
				6EC3ABC12AD912B1005B2FEE /* ArrayExtensions.swift */,
				6EC3ABC32AD95AB2005B2FEE /* IntExtensions.swift */,
			);
			path = Extensions;
			sourceTree = "<group>";
		};
		6EC3ABBE2AD91232005B2FEE /* Enums */ = {
			isa = PBXGroup;
			children = (
				6EC3ABBF2AD9123D005B2FEE /* Item.swift */,
			);
			path = Enums;
			sourceTree = "<group>";
		};
/* End PBXGroup section */

/* Begin PBXNativeTarget section */
		6EC3AB992AD8EB64005B2FEE /* Ikea */ = {
			isa = PBXNativeTarget;
			buildConfigurationList = 6EC3ABAE2AD8EB65005B2FEE /* Build configuration list for PBXNativeTarget "Ikea" */;
			buildPhases = (
				6EC3AB962AD8EB64005B2FEE /* Sources */,
				6EC3AB972AD8EB64005B2FEE /* Frameworks */,
				6EC3AB982AD8EB64005B2FEE /* Resources */,
			);
			buildRules = (
			);
			dependencies = (
			);
			name = Ikea;
			productName = Ikea;
			productReference = 6EC3AB9A2AD8EB64005B2FEE /* Ikea.app */;
			productType = "com.apple.product-type.application";
		};
/* End PBXNativeTarget section */

/* Begin PBXProject section */
		6EC3AB922AD8EB64005B2FEE /* Project object */ = {
			isa = PBXProject;
			attributes = {
				BuildIndependentTargetsInParallel = 1;
				LastSwiftUpdateCheck = 1500;
				LastUpgradeCheck = 1500;
				TargetAttributes = {
					6EC3AB992AD8EB64005B2FEE = {
						CreatedOnToolsVersion = 15.0;
					};
				};
			};
			buildConfigurationList = 6EC3AB952AD8EB64005B2FEE /* Build configuration list for PBXProject "Ikea" */;
			compatibilityVersion = "Xcode 14.0";
			developmentRegion = en;
			hasScannedForEncodings = 0;
			knownRegions = (
				en,
				Base,
			);
			mainGroup = 6EC3AB912AD8EB64005B2FEE;
			productRefGroup = 6EC3AB9B2AD8EB64005B2FEE /* Products */;
			projectDirPath = "";
			projectRoot = "";
			targets = (
				6EC3AB992AD8EB64005B2FEE /* Ikea */,
			);
		};
/* End PBXProject section */

/* Begin PBXResourcesBuildPhase section */
		6EC3AB982AD8EB64005B2FEE /* Resources */ = {
			isa = PBXResourcesBuildPhase;
			buildActionMask = 2147483647;
			files = (
				6EC3ABAA2AD8EB65005B2FEE /* LaunchScreen.storyboard in Resources */,
				6EC3ABA72AD8EB65005B2FEE /* Assets.xcassets in Resources */,
				6EC3ABB62AD90F1F005B2FEE /* Models.scnassets in Resources */,
				6EC3ABA52AD8EB64005B2FEE /* Main.storyboard in Resources */,
			);
			runOnlyForDeploymentPostprocessing = 0;
		};
/* End PBXResourcesBuildPhase section */

/* Begin PBXSourcesBuildPhase section */
		6EC3AB962AD8EB64005B2FEE /* Sources */ = {
			isa = PBXSourcesBuildPhase;
			buildActionMask = 2147483647;
			files = (
				6EC3ABB22AD8EFBD005B2FEE /* ItemCell.swift in Sources */,
				6EC3ABC42AD95AB2005B2FEE /* IntExtensions.swift in Sources */,
				6EC3ABA22AD8EB64005B2FEE /* ViewController.swift in Sources */,
				6EC3ABC22AD912B1005B2FEE /* ArrayExtensions.swift in Sources */,
				6EC3AB9E2AD8EB64005B2FEE /* AppDelegate.swift in Sources */,
				6EC3ABA02AD8EB64005B2FEE /* SceneDelegate.swift in Sources */,
				6EC3ABC02AD9123D005B2FEE /* Item.swift in Sources */,
				6EC3ABBD2AD91191005B2FEE /* SCNSceneExtensions.swift in Sources */,
			);
			runOnlyForDeploymentPostprocessing = 0;
		};
/* End PBXSourcesBuildPhase section */

/* Begin PBXVariantGroup section */
		6EC3ABA32AD8EB64005B2FEE /* Main.storyboard */ = {
			isa = PBXVariantGroup;
			children = (
				6EC3ABA42AD8EB64005B2FEE /* Base */,
			);
			name = Main.storyboard;
			sourceTree = "<group>";
		};
		6EC3ABA82AD8EB65005B2FEE /* LaunchScreen.storyboard */ = {
			isa = PBXVariantGroup;
			children = (
				6EC3ABA92AD8EB65005B2FEE /* Base */,
			);
			name = LaunchScreen.storyboard;
			sourceTree = "<group>";
		};
/* End PBXVariantGroup section */

/* Begin XCBuildConfiguration section */
		6EC3ABAC2AD8EB65005B2FEE /* Debug */ = {
			isa = XCBuildConfiguration;
			buildSettings = {
				ALWAYS_SEARCH_USER_PATHS = NO;
				ASSETCATALOG_COMPILER_GENERATE_SWIFT_ASSET_SYMBOL_EXTENSIONS = YES;
				CLANG_ANALYZER_NONNULL = YES;
				CLANG_ANALYZER_NUMBER_OBJECT_CONVERSION = YES_AGGRESSIVE;
				CLANG_CXX_LANGUAGE_STANDARD = "gnu++20";
				CLANG_ENABLE_MODULES = YES;
				CLANG_ENABLE_OBJC_ARC = YES;
				CLANG_ENABLE_OBJC_WEAK = YES;
				CLANG_WARN_BLOCK_CAPTURE_AUTORELEASING = YES;
				CLANG_WARN_BOOL_CONVERSION = YES;
				CLANG_WARN_COMMA = YES;
				CLANG_WARN_CONSTANT_CONVERSION = YES;
				CLANG_WARN_DEPRECATED_OBJC_IMPLEMENTATIONS = YES;
				CLANG_WARN_DIRECT_OBJC_ISA_USAGE = YES_ERROR;
				CLANG_WARN_DOCUMENTATION_COMMENTS = YES;
				CLANG_WARN_EMPTY_BODY = YES;
				CLANG_WARN_ENUM_CONVERSION = YES;
				CLANG_WARN_INFINITE_RECURSION = YES;
				CLANG_WARN_INT_CONVERSION = YES;
				CLANG_WARN_NON_LITERAL_NULL_CONVERSION = YES;
				CLANG_WARN_OBJC_IMPLICIT_RETAIN_SELF = YES;
				CLANG_WARN_OBJC_LITERAL_CONVERSION = YES;
				CLANG_WARN_OBJC_ROOT_CLASS = YES_ERROR;
				CLANG_WARN_QUOTED_INCLUDE_IN_FRAMEWORK_HEADER = YES;
				CLANG_WARN_RANGE_LOOP_ANALYSIS = YES;
				CLANG_WARN_STRICT_PROTOTYPES = YES;
				CLANG_WARN_SUSPICIOUS_MOVE = YES;
				CLANG_WARN_UNGUARDED_AVAILABILITY = YES_AGGRESSIVE;
				CLANG_WARN_UNREACHABLE_CODE = YES;
				CLANG_WARN__DUPLICATE_METHOD_MATCH = YES;
				COPY_PHASE_STRIP = NO;
				DEBUG_INFORMATION_FORMAT = dwarf;
				ENABLE_STRICT_OBJC_MSGSEND = YES;
				ENABLE_TESTABILITY = YES;
				ENABLE_USER_SCRIPT_SANDBOXING = YES;
				GCC_C_LANGUAGE_STANDARD = gnu17;
				GCC_DYNAMIC_NO_PIC = NO;
				GCC_NO_COMMON_BLOCKS = YES;
				GCC_OPTIMIZATION_LEVEL = 0;
				GCC_PREPROCESSOR_DEFINITIONS = (
					"DEBUG=1",
					"$(inherited)",
				);
				GCC_WARN_64_TO_32_BIT_CONVERSION = YES;
				GCC_WARN_ABOUT_RETURN_TYPE = YES_ERROR;
				GCC_WARN_UNDECLARED_SELECTOR = YES;
				GCC_WARN_UNINITIALIZED_AUTOS = YES_AGGRESSIVE;
				GCC_WARN_UNUSED_FUNCTION = YES;
				GCC_WARN_UNUSED_VARIABLE = YES;
				IPHONEOS_DEPLOYMENT_TARGET = 17.0;
				LOCALIZATION_PREFERS_STRING_CATALOGS = YES;
				MTL_ENABLE_DEBUG_INFO = INCLUDE_SOURCE;
				MTL_FAST_MATH = YES;
				ONLY_ACTIVE_ARCH = YES;
				SDKROOT = iphoneos;
				SWIFT_ACTIVE_COMPILATION_CONDITIONS = "DEBUG $(inherited)";
				SWIFT_OPTIMIZATION_LEVEL = "-Onone";
			};
			name = Debug;
		};
		6EC3ABAD2AD8EB65005B2FEE /* Release */ = {
			isa = XCBuildConfiguration;
			buildSettings = {
				ALWAYS_SEARCH_USER_PATHS = NO;
				ASSETCATALOG_COMPILER_GENERATE_SWIFT_ASSET_SYMBOL_EXTENSIONS = YES;
				CLANG_ANALYZER_NONNULL = YES;
				CLANG_ANALYZER_NUMBER_OBJECT_CONVERSION = YES_AGGRESSIVE;
				CLANG_CXX_LANGUAGE_STANDARD = "gnu++20";
				CLANG_ENABLE_MODULES = YES;
				CLANG_ENABLE_OBJC_ARC = YES;
				CLANG_ENABLE_OBJC_WEAK = YES;
				CLANG_WARN_BLOCK_CAPTURE_AUTORELEASING = YES;
				CLANG_WARN_BOOL_CONVERSION = YES;
				CLANG_WARN_COMMA = YES;
				CLANG_WARN_CONSTANT_CONVERSION = YES;
				CLANG_WARN_DEPRECATED_OBJC_IMPLEMENTATIONS = YES;
				CLANG_WARN_DIRECT_OBJC_ISA_USAGE = YES_ERROR;
				CLANG_WARN_DOCUMENTATION_COMMENTS = YES;
				CLANG_WARN_EMPTY_BODY = YES;
				CLANG_WARN_ENUM_CONVERSION = YES;
				CLANG_WARN_INFINITE_RECURSION = YES;
				CLANG_WARN_INT_CONVERSION = YES;
				CLANG_WARN_NON_LITERAL_NULL_CONVERSION = YES;
				CLANG_WARN_OBJC_IMPLICIT_RETAIN_SELF = YES;
				CLANG_WARN_OBJC_LITERAL_CONVERSION = YES;
				CLANG_WARN_OBJC_ROOT_CLASS = YES_ERROR;
				CLANG_WARN_QUOTED_INCLUDE_IN_FRAMEWORK_HEADER = YES;
				CLANG_WARN_RANGE_LOOP_ANALYSIS = YES;
				CLANG_WARN_STRICT_PROTOTYPES = YES;
				CLANG_WARN_SUSPICIOUS_MOVE = YES;
				CLANG_WARN_UNGUARDED_AVAILABILITY = YES_AGGRESSIVE;
				CLANG_WARN_UNREACHABLE_CODE = YES;
				CLANG_WARN__DUPLICATE_METHOD_MATCH = YES;
				COPY_PHASE_STRIP = NO;
				DEBUG_INFORMATION_FORMAT = "dwarf-with-dsym";
				ENABLE_NS_ASSERTIONS = NO;
				ENABLE_STRICT_OBJC_MSGSEND = YES;
				ENABLE_USER_SCRIPT_SANDBOXING = YES;
				GCC_C_LANGUAGE_STANDARD = gnu17;
				GCC_NO_COMMON_BLOCKS = YES;
				GCC_WARN_64_TO_32_BIT_CONVERSION = YES;
				GCC_WARN_ABOUT_RETURN_TYPE = YES_ERROR;
				GCC_WARN_UNDECLARED_SELECTOR = YES;
				GCC_WARN_UNINITIALIZED_AUTOS = YES_AGGRESSIVE;
				GCC_WARN_UNUSED_FUNCTION = YES;
				GCC_WARN_UNUSED_VARIABLE = YES;
				IPHONEOS_DEPLOYMENT_TARGET = 17.0;
				LOCALIZATION_PREFERS_STRING_CATALOGS = YES;
				MTL_ENABLE_DEBUG_INFO = NO;
				MTL_FAST_MATH = YES;
				SDKROOT = iphoneos;
				SWIFT_COMPILATION_MODE = wholemodule;
				VALIDATE_PRODUCT = YES;
			};
			name = Release;
		};
		6EC3ABAF2AD8EB65005B2FEE /* Debug */ = {
			isa = XCBuildConfiguration;
			buildSettings = {
				ASSETCATALOG_COMPILER_APPICON_NAME = AppIcon;
				ASSETCATALOG_COMPILER_GLOBAL_ACCENT_COLOR_NAME = AccentColor;
				CODE_SIGN_STYLE = Automatic;
				CURRENT_PROJECT_VERSION = 1;
				DEVELOPMENT_TEAM = BD5CJ8U5EG;
				GENERATE_INFOPLIST_FILE = YES;
				INFOPLIST_FILE = Ikea/Info.plist;
				INFOPLIST_KEY_NSCameraUsageDescription = "You need the camera to display cool AR stuff";
				INFOPLIST_KEY_UIApplicationSupportsIndirectInputEvents = YES;
				INFOPLIST_KEY_UILaunchStoryboardName = LaunchScreen;
				INFOPLIST_KEY_UIMainStoryboardFile = Main;
				INFOPLIST_KEY_UISupportedInterfaceOrientations_iPad = "UIInterfaceOrientationPortrait UIInterfaceOrientationPortraitUpsideDown UIInterfaceOrientationLandscapeLeft UIInterfaceOrientationLandscapeRight";
				INFOPLIST_KEY_UISupportedInterfaceOrientations_iPhone = "UIInterfaceOrientationPortrait UIInterfaceOrientationLandscapeLeft UIInterfaceOrientationLandscapeRight";
				IPHONEOS_DEPLOYMENT_TARGET = 16.0;
				LD_RUNPATH_SEARCH_PATHS = (
					"$(inherited)",
					"@executable_path/Frameworks",
				);
				MARKETING_VERSION = 1.0;
				PRODUCT_BUNDLE_IDENTIFIER = pro.eventyr.Ikea;
				PRODUCT_NAME = "$(TARGET_NAME)";
				SWIFT_EMIT_LOC_STRINGS = YES;
				SWIFT_VERSION = 5.0;
				TARGETED_DEVICE_FAMILY = "1,2";
			};
			name = Debug;
		};
		6EC3ABB02AD8EB65005B2FEE /* Release */ = {
			isa = XCBuildConfiguration;
			buildSettings = {
				ASSETCATALOG_COMPILER_APPICON_NAME = AppIcon;
				ASSETCATALOG_COMPILER_GLOBAL_ACCENT_COLOR_NAME = AccentColor;
				CODE_SIGN_STYLE = Automatic;
				CURRENT_PROJECT_VERSION = 1;
				DEVELOPMENT_TEAM = BD5CJ8U5EG;
				GENERATE_INFOPLIST_FILE = YES;
				INFOPLIST_FILE = Ikea/Info.plist;
				INFOPLIST_KEY_NSCameraUsageDescription = "You need the camera to display cool AR stuff";
				INFOPLIST_KEY_UIApplicationSupportsIndirectInputEvents = YES;
				INFOPLIST_KEY_UILaunchStoryboardName = LaunchScreen;
				INFOPLIST_KEY_UIMainStoryboardFile = Main;
				INFOPLIST_KEY_UISupportedInterfaceOrientations_iPad = "UIInterfaceOrientationPortrait UIInterfaceOrientationPortraitUpsideDown UIInterfaceOrientationLandscapeLeft UIInterfaceOrientationLandscapeRight";
				INFOPLIST_KEY_UISupportedInterfaceOrientations_iPhone = "UIInterfaceOrientationPortrait UIInterfaceOrientationLandscapeLeft UIInterfaceOrientationLandscapeRight";
				IPHONEOS_DEPLOYMENT_TARGET = 16.0;
				LD_RUNPATH_SEARCH_PATHS = (
					"$(inherited)",
					"@executable_path/Frameworks",
				);
				MARKETING_VERSION = 1.0;
				PRODUCT_BUNDLE_IDENTIFIER = pro.eventyr.Ikea;
				PRODUCT_NAME = "$(TARGET_NAME)";
				SWIFT_EMIT_LOC_STRINGS = YES;
				SWIFT_VERSION = 5.0;
				TARGETED_DEVICE_FAMILY = "1,2";
			};
			name = Release;
		};
/* End XCBuildConfiguration section */

/* Begin XCConfigurationList section */
		6EC3AB952AD8EB64005B2FEE /* Build configuration list for PBXProject "Ikea" */ = {
			isa = XCConfigurationList;
			buildConfigurations = (
				6EC3ABAC2AD8EB65005B2FEE /* Debug */,
				6EC3ABAD2AD8EB65005B2FEE /* Release */,
			);
			defaultConfigurationIsVisible = 0;
			defaultConfigurationName = Release;
		};
		6EC3ABAE2AD8EB65005B2FEE /* Build configuration list for PBXNativeTarget "Ikea" */ = {
			isa = XCConfigurationList;
			buildConfigurations = (
				6EC3ABAF2AD8EB65005B2FEE /* Debug */,
				6EC3ABB02AD8EB65005B2FEE /* Release */,
			);
			defaultConfigurationIsVisible = 0;
			defaultConfigurationName = Release;
		};
/* End XCConfigurationList section */
	};
	rootObject = 6EC3AB922AD8EB64005B2FEE /* Project object */;
}
