// !$*UTF8*$!
{
	archiveVersion = 1;
	classes = {
	};
	objectVersion = 56;
	objects = {

/* Begin PBXBuildFile section */
		6E28437D2B19BD8A009419DC /* AppDelegate.swift in Sources */ = {isa = PBXBuildFile; fileRef = 6E28437C2B19BD8A009419DC /* AppDelegate.swift */; };
		6E28437F2B19BD8A009419DC /* SceneDelegate.swift in Sources */ = {isa = PBXBuildFile; fileRef = 6E28437E2B19BD8A009419DC /* SceneDelegate.swift */; };
		6E2843812B19BD8A009419DC /* ViewController.swift in Sources */ = {isa = PBXBuildFile; fileRef = 6E2843802B19BD8A009419DC /* ViewController.swift */; };
		6E2843842B19BD8A009419DC /* Main.storyboard in Resources */ = {isa = PBXBuildFile; fileRef = 6E2843822B19BD8A009419DC /* Main.storyboard */; };
		6E2843862B19BD8B009419DC /* Assets.xcassets in Resources */ = {isa = PBXBuildFile; fileRef = 6E2843852B19BD8B009419DC /* Assets.xcassets */; };
		6E2843892B19BD8B009419DC /* LaunchScreen.storyboard in Resources */ = {isa = PBXBuildFile; fileRef = 6E2843872B19BD8B009419DC /* LaunchScreen.storyboard */; };
		6E2843912B19BFB4009419DC /* Media.scnassets in Resources */ = {isa = PBXBuildFile; fileRef = 6E2843902B19BFB3009419DC /* Media.scnassets */; };
		6E2843972B19C25D009419DC /* SCNSceneExtensions.swift in Sources */ = {isa = PBXBuildFile; fileRef = 6E2843952B19C25D009419DC /* SCNSceneExtensions.swift */; };
		6E2843982B19C25D009419DC /* PlusOperationExtensions.swift in Sources */ = {isa = PBXBuildFile; fileRef = 6E2843962B19C25D009419DC /* PlusOperationExtensions.swift */; };
		6E28439A2B1A3D53009419DC /* BitMaskCategory.swift in Sources */ = {isa = PBXBuildFile; fileRef = 6E2843992B1A3D53009419DC /* BitMaskCategory.swift */; };
		6E28439E2B1A41C1009419DC /* SCNParticleSystemExtensions.swift in Sources */ = {isa = PBXBuildFile; fileRef = 6E28439D2B1A41C1009419DC /* SCNParticleSystemExtensions.swift */; };
/* End PBXBuildFile section */

/* Begin PBXFileReference section */
		6E2843792B19BD8A009419DC /* ARShooter.app */ = {isa = PBXFileReference; explicitFileType = wrapper.application; includeInIndex = 0; path = ARShooter.app; sourceTree = BUILT_PRODUCTS_DIR; };
		6E28437C2B19BD8A009419DC /* AppDelegate.swift */ = {isa = PBXFileReference; lastKnownFileType = sourcecode.swift; path = AppDelegate.swift; sourceTree = "<group>"; };
		6E28437E2B19BD8A009419DC /* SceneDelegate.swift */ = {isa = PBXFileReference; lastKnownFileType = sourcecode.swift; path = SceneDelegate.swift; sourceTree = "<group>"; };
		6E2843802B19BD8A009419DC /* ViewController.swift */ = {isa = PBXFileReference; lastKnownFileType = sourcecode.swift; path = ViewController.swift; sourceTree = "<group>"; };
		6E2843832B19BD8A009419DC /* Base */ = {isa = PBXFileReference; lastKnownFileType = file.storyboard; name = Base; path = Base.lproj/Main.storyboard; sourceTree = "<group>"; };
		6E2843852B19BD8B009419DC /* Assets.xcassets */ = {isa = PBXFileReference; lastKnownFileType = folder.assetcatalog; path = Assets.xcassets; sourceTree = "<group>"; };
		6E2843882B19BD8B009419DC /* Base */ = {isa = PBXFileReference; lastKnownFileType = file.storyboard; name = Base; path = Base.lproj/LaunchScreen.storyboard; sourceTree = "<group>"; };
		6E28438A2B19BD8B009419DC /* Info.plist */ = {isa = PBXFileReference; lastKnownFileType = text.plist.xml; path = Info.plist; sourceTree = "<group>"; };
		6E2843902B19BFB3009419DC /* Media.scnassets */ = {isa = PBXFileReference; lastKnownFileType = wrapper.scnassets; path = Media.scnassets; sourceTree = "<group>"; };
		6E2843952B19C25D009419DC /* SCNSceneExtensions.swift */ = {isa = PBXFileReference; fileEncoding = 4; lastKnownFileType = sourcecode.swift; path = SCNSceneExtensions.swift; sourceTree = "<group>"; };
		6E2843962B19C25D009419DC /* PlusOperationExtensions.swift */ = {isa = PBXFileReference; fileEncoding = 4; lastKnownFileType = sourcecode.swift; path = PlusOperationExtensions.swift; sourceTree = "<group>"; };
		6E2843992B1A3D53009419DC /* BitMaskCategory.swift */ = {isa = PBXFileReference; lastKnownFileType = sourcecode.swift; path = BitMaskCategory.swift; sourceTree = "<group>"; };
		6E28439D2B1A41C1009419DC /* SCNParticleSystemExtensions.swift */ = {isa = PBXFileReference; lastKnownFileType = sourcecode.swift; path = SCNParticleSystemExtensions.swift; sourceTree = "<group>"; };
/* End PBXFileReference section */

/* Begin PBXFrameworksBuildPhase section */
		6E2843762B19BD8A009419DC /* Frameworks */ = {
			isa = PBXFrameworksBuildPhase;
			buildActionMask = 2147483647;
			files = (
			);
			runOnlyForDeploymentPostprocessing = 0;
		};
/* End PBXFrameworksBuildPhase section */

/* Begin PBXGroup section */
		6E2843702B19BD8A009419DC = {
			isa = PBXGroup;
			children = (
				6E28437B2B19BD8A009419DC /* ARShooter */,
				6E28437A2B19BD8A009419DC /* Products */,
			);
			sourceTree = "<group>";
		};
		6E28437A2B19BD8A009419DC /* Products */ = {
			isa = PBXGroup;
			children = (
				6E2843792B19BD8A009419DC /* ARShooter.app */,
			);
			name = Products;
			sourceTree = "<group>";
		};
		6E28437B2B19BD8A009419DC /* ARShooter */ = {
			isa = PBXGroup;
			children = (
				6E2843942B19C254009419DC /* Extensions */,
				6E28437C2B19BD8A009419DC /* AppDelegate.swift */,
				6E28437E2B19BD8A009419DC /* SceneDelegate.swift */,
				6E2843802B19BD8A009419DC /* ViewController.swift */,
				6E2843822B19BD8A009419DC /* Main.storyboard */,
				6E2843852B19BD8B009419DC /* Assets.xcassets */,
				6E2843872B19BD8B009419DC /* LaunchScreen.storyboard */,
				6E28438A2B19BD8B009419DC /* Info.plist */,
				6E2843902B19BFB3009419DC /* Media.scnassets */,
				6E2843992B1A3D53009419DC /* BitMaskCategory.swift */,
			);
			path = ARShooter;
			sourceTree = "<group>";
		};
		6E2843942B19C254009419DC /* Extensions */ = {
			isa = PBXGroup;
			children = (
				6E2843962B19C25D009419DC /* PlusOperationExtensions.swift */,
				6E2843952B19C25D009419DC /* SCNSceneExtensions.swift */,
				6E28439D2B1A41C1009419DC /* SCNParticleSystemExtensions.swift */,
			);
			path = Extensions;
			sourceTree = "<group>";
		};
/* End PBXGroup section */

/* Begin PBXNativeTarget section */
		6E2843782B19BD8A009419DC /* ARShooter */ = {
			isa = PBXNativeTarget;
			buildConfigurationList = 6E28438D2B19BD8B009419DC /* Build configuration list for PBXNativeTarget "ARShooter" */;
			buildPhases = (
				6E2843752B19BD8A009419DC /* Sources */,
				6E2843762B19BD8A009419DC /* Frameworks */,
				6E2843772B19BD8A009419DC /* Resources */,
			);
			buildRules = (
			);
			dependencies = (
			);
			name = ARShooter;
			productName = ARShooter;
			productReference = 6E2843792B19BD8A009419DC /* ARShooter.app */;
			productType = "com.apple.product-type.application";
		};
/* End PBXNativeTarget section */

/* Begin PBXProject section */
		6E2843712B19BD8A009419DC /* Project object */ = {
			isa = PBXProject;
			attributes = {
				BuildIndependentTargetsInParallel = 1;
				LastSwiftUpdateCheck = 1500;
				LastUpgradeCheck = 1500;
				TargetAttributes = {
					6E2843782B19BD8A009419DC = {
						CreatedOnToolsVersion = 15.0.1;
					};
				};
			};
			buildConfigurationList = 6E2843742B19BD8A009419DC /* Build configuration list for PBXProject "ARShooter" */;
			compatibilityVersion = "Xcode 14.0";
			developmentRegion = en;
			hasScannedForEncodings = 0;
			knownRegions = (
				en,
				Base,
			);
			mainGroup = 6E2843702B19BD8A009419DC;
			productRefGroup = 6E28437A2B19BD8A009419DC /* Products */;
			projectDirPath = "";
			projectRoot = "";
			targets = (
				6E2843782B19BD8A009419DC /* ARShooter */,
			);
		};
/* End PBXProject section */

/* Begin PBXResourcesBuildPhase section */
		6E2843772B19BD8A009419DC /* Resources */ = {
			isa = PBXResourcesBuildPhase;
			buildActionMask = 2147483647;
			files = (
				6E2843912B19BFB4009419DC /* Media.scnassets in Resources */,
				6E2843892B19BD8B009419DC /* LaunchScreen.storyboard in Resources */,
				6E2843862B19BD8B009419DC /* Assets.xcassets in Resources */,
				6E2843842B19BD8A009419DC /* Main.storyboard in Resources */,
			);
			runOnlyForDeploymentPostprocessing = 0;
		};
/* End PBXResourcesBuildPhase section */

/* Begin PBXSourcesBuildPhase section */
		6E2843752B19BD8A009419DC /* Sources */ = {
			isa = PBXSourcesBuildPhase;
			buildActionMask = 2147483647;
			files = (
				6E2843812B19BD8A009419DC /* ViewController.swift in Sources */,
				6E28439A2B1A3D53009419DC /* BitMaskCategory.swift in Sources */,
				6E28439E2B1A41C1009419DC /* SCNParticleSystemExtensions.swift in Sources */,
				6E2843972B19C25D009419DC /* SCNSceneExtensions.swift in Sources */,
				6E28437D2B19BD8A009419DC /* AppDelegate.swift in Sources */,
				6E28437F2B19BD8A009419DC /* SceneDelegate.swift in Sources */,
				6E2843982B19C25D009419DC /* PlusOperationExtensions.swift in Sources */,
			);
			runOnlyForDeploymentPostprocessing = 0;
		};
/* End PBXSourcesBuildPhase section */

/* Begin PBXVariantGroup section */
		6E2843822B19BD8A009419DC /* Main.storyboard */ = {
			isa = PBXVariantGroup;
			children = (
				6E2843832B19BD8A009419DC /* Base */,
			);
			name = Main.storyboard;
			sourceTree = "<group>";
		};
		6E2843872B19BD8B009419DC /* LaunchScreen.storyboard */ = {
			isa = PBXVariantGroup;
			children = (
				6E2843882B19BD8B009419DC /* Base */,
			);
			name = LaunchScreen.storyboard;
			sourceTree = "<group>";
		};
/* End PBXVariantGroup section */

/* Begin XCBuildConfiguration section */
		6E28438B2B19BD8B009419DC /* Debug */ = {
			isa = XCBuildConfiguration;
			buildSettings = {
				ALWAYS_SEARCH_USER_PATHS = NO;
				ASSETCATALOG_COMPILER_GENERATE_SWIFT_ASSET_SYMBOL_EXTENSIONS = YES;
				CLANG_ANALYZER_NONNULL = YES;
				CLANG_ANALYZER_NUMBER_OBJECT_CONVERSION = YES_AGGRESSIVE;
				CLANG_CXX_LANGUAGE_STANDARD = "gnu++20";
				CLANG_ENABLE_MODULES = YES;
				CLANG_ENABLE_OBJC_ARC = YES;
				CLANG_ENABLE_OBJC_WEAK = YES;
				CLANG_WARN_BLOCK_CAPTURE_AUTORELEASING = YES;
				CLANG_WARN_BOOL_CONVERSION = YES;
				CLANG_WARN_COMMA = YES;
				CLANG_WARN_CONSTANT_CONVERSION = YES;
				CLANG_WARN_DEPRECATED_OBJC_IMPLEMENTATIONS = YES;
				CLANG_WARN_DIRECT_OBJC_ISA_USAGE = YES_ERROR;
				CLANG_WARN_DOCUMENTATION_COMMENTS = YES;
				CLANG_WARN_EMPTY_BODY = YES;
				CLANG_WARN_ENUM_CONVERSION = YES;
				CLANG_WARN_INFINITE_RECURSION = YES;
				CLANG_WARN_INT_CONVERSION = YES;
				CLANG_WARN_NON_LITERAL_NULL_CONVERSION = YES;
				CLANG_WARN_OBJC_IMPLICIT_RETAIN_SELF = YES;
				CLANG_WARN_OBJC_LITERAL_CONVERSION = YES;
				CLANG_WARN_OBJC_ROOT_CLASS = YES_ERROR;
				CLANG_WARN_QUOTED_INCLUDE_IN_FRAMEWORK_HEADER = YES;
				CLANG_WARN_RANGE_LOOP_ANALYSIS = YES;
				CLANG_WARN_STRICT_PROTOTYPES = YES;
				CLANG_WARN_SUSPICIOUS_MOVE = YES;
				CLANG_WARN_UNGUARDED_AVAILABILITY = YES_AGGRESSIVE;
				CLANG_WARN_UNREACHABLE_CODE = YES;
				CLANG_WARN__DUPLICATE_METHOD_MATCH = YES;
				COPY_PHASE_STRIP = NO;
				DEBUG_INFORMATION_FORMAT = dwarf;
				ENABLE_STRICT_OBJC_MSGSEND = YES;
				ENABLE_TESTABILITY = YES;
				ENABLE_USER_SCRIPT_SANDBOXING = YES;
				GCC_C_LANGUAGE_STANDARD = gnu17;
				GCC_DYNAMIC_NO_PIC = NO;
				GCC_NO_COMMON_BLOCKS = YES;
				GCC_OPTIMIZATION_LEVEL = 0;
				GCC_PREPROCESSOR_DEFINITIONS = (
					"DEBUG=1",
					"$(inherited)",
				);
				GCC_WARN_64_TO_32_BIT_CONVERSION = YES;
				GCC_WARN_ABOUT_RETURN_TYPE = YES_ERROR;
				GCC_WARN_UNDECLARED_SELECTOR = YES;
				GCC_WARN_UNINITIALIZED_AUTOS = YES_AGGRESSIVE;
				GCC_WARN_UNUSED_FUNCTION = YES;
				GCC_WARN_UNUSED_VARIABLE = YES;
				IPHONEOS_DEPLOYMENT_TARGET = 17.0;
				LOCALIZATION_PREFERS_STRING_CATALOGS = YES;
				MTL_ENABLE_DEBUG_INFO = INCLUDE_SOURCE;
				MTL_FAST_MATH = YES;
				ONLY_ACTIVE_ARCH = YES;
				SDKROOT = iphoneos;
				SWIFT_ACTIVE_COMPILATION_CONDITIONS = "DEBUG $(inherited)";
				SWIFT_OPTIMIZATION_LEVEL = "-Onone";
			};
			name = Debug;
		};
		6E28438C2B19BD8B009419DC /* Release */ = {
			isa = XCBuildConfiguration;
			buildSettings = {
				ALWAYS_SEARCH_USER_PATHS = NO;
				ASSETCATALOG_COMPILER_GENERATE_SWIFT_ASSET_SYMBOL_EXTENSIONS = YES;
				CLANG_ANALYZER_NONNULL = YES;
				CLANG_ANALYZER_NUMBER_OBJECT_CONVERSION = YES_AGGRESSIVE;
				CLANG_CXX_LANGUAGE_STANDARD = "gnu++20";
				CLANG_ENABLE_MODULES = YES;
				CLANG_ENABLE_OBJC_ARC = YES;
				CLANG_ENABLE_OBJC_WEAK = YES;
				CLANG_WARN_BLOCK_CAPTURE_AUTORELEASING = YES;
				CLANG_WARN_BOOL_CONVERSION = YES;
				CLANG_WARN_COMMA = YES;
				CLANG_WARN_CONSTANT_CONVERSION = YES;
				CLANG_WARN_DEPRECATED_OBJC_IMPLEMENTATIONS = YES;
				CLANG_WARN_DIRECT_OBJC_ISA_USAGE = YES_ERROR;
				CLANG_WARN_DOCUMENTATION_COMMENTS = YES;
				CLANG_WARN_EMPTY_BODY = YES;
				CLANG_WARN_ENUM_CONVERSION = YES;
				CLANG_WARN_INFINITE_RECURSION = YES;
				CLANG_WARN_INT_CONVERSION = YES;
				CLANG_WARN_NON_LITERAL_NULL_CONVERSION = YES;
				CLANG_WARN_OBJC_IMPLICIT_RETAIN_SELF = YES;
				CLANG_WARN_OBJC_LITERAL_CONVERSION = YES;
				CLANG_WARN_OBJC_ROOT_CLASS = YES_ERROR;
				CLANG_WARN_QUOTED_INCLUDE_IN_FRAMEWORK_HEADER = YES;
				CLANG_WARN_RANGE_LOOP_ANALYSIS = YES;
				CLANG_WARN_STRICT_PROTOTYPES = YES;
				CLANG_WARN_SUSPICIOUS_MOVE = YES;
				CLANG_WARN_UNGUARDED_AVAILABILITY = YES_AGGRESSIVE;
				CLANG_WARN_UNREACHABLE_CODE = YES;
				CLANG_WARN__DUPLICATE_METHOD_MATCH = YES;
				COPY_PHASE_STRIP = NO;
				DEBUG_INFORMATION_FORMAT = "dwarf-with-dsym";
				ENABLE_NS_ASSERTIONS = NO;
				ENABLE_STRICT_OBJC_MSGSEND = YES;
				ENABLE_USER_SCRIPT_SANDBOXING = YES;
				GCC_C_LANGUAGE_STANDARD = gnu17;
				GCC_NO_COMMON_BLOCKS = YES;
				GCC_WARN_64_TO_32_BIT_CONVERSION = YES;
				GCC_WARN_ABOUT_RETURN_TYPE = YES_ERROR;
				GCC_WARN_UNDECLARED_SELECTOR = YES;
				GCC_WARN_UNINITIALIZED_AUTOS = YES_AGGRESSIVE;
				GCC_WARN_UNUSED_FUNCTION = YES;
				GCC_WARN_UNUSED_VARIABLE = YES;
				IPHONEOS_DEPLOYMENT_TARGET = 17.0;
				LOCALIZATION_PREFERS_STRING_CATALOGS = YES;
				MTL_ENABLE_DEBUG_INFO = NO;
				MTL_FAST_MATH = YES;
				SDKROOT = iphoneos;
				SWIFT_COMPILATION_MODE = wholemodule;
				VALIDATE_PRODUCT = YES;
			};
			name = Release;
		};
		6E28438E2B19BD8B009419DC /* Debug */ = {
			isa = XCBuildConfiguration;
			buildSettings = {
				ASSETCATALOG_COMPILER_APPICON_NAME = AppIcon;
				ASSETCATALOG_COMPILER_GLOBAL_ACCENT_COLOR_NAME = AccentColor;
				CODE_SIGN_STYLE = Automatic;
				CURRENT_PROJECT_VERSION = 1;
				DEVELOPMENT_TEAM = BD5CJ8U5EG;
				GENERATE_INFOPLIST_FILE = YES;
				INFOPLIST_FILE = ARShooter/Info.plist;
				INFOPLIST_KEY_NSCameraUsageDescription = "You need the camera to display cool ARKit content";
				INFOPLIST_KEY_UIApplicationSupportsIndirectInputEvents = YES;
				INFOPLIST_KEY_UILaunchStoryboardName = LaunchScreen;
				INFOPLIST_KEY_UIMainStoryboardFile = Main;
				INFOPLIST_KEY_UISupportedInterfaceOrientations_iPad = "UIInterfaceOrientationPortrait UIInterfaceOrientationPortraitUpsideDown UIInterfaceOrientationLandscapeLeft UIInterfaceOrientationLandscapeRight";
				INFOPLIST_KEY_UISupportedInterfaceOrientations_iPhone = "UIInterfaceOrientationPortrait UIInterfaceOrientationLandscapeLeft UIInterfaceOrientationLandscapeRight";
				LD_RUNPATH_SEARCH_PATHS = (
					"$(inherited)",
					"@executable_path/Frameworks",
				);
				MARKETING_VERSION = 1.0;
				PRODUCT_BUNDLE_IDENTIFIER = pro.eventyr.ARShooter;
				PRODUCT_NAME = "$(TARGET_NAME)";
				SWIFT_EMIT_LOC_STRINGS = YES;
				SWIFT_VERSION = 5.0;
				TARGETED_DEVICE_FAMILY = "1,2";
			};
			name = Debug;
		};
		6E28438F2B19BD8B009419DC /* Release */ = {
			isa = XCBuildConfiguration;
			buildSettings = {
				ASSETCATALOG_COMPILER_APPICON_NAME = AppIcon;
				ASSETCATALOG_COMPILER_GLOBAL_ACCENT_COLOR_NAME = AccentColor;
				CODE_SIGN_STYLE = Automatic;
				CURRENT_PROJECT_VERSION = 1;
				DEVELOPMENT_TEAM = BD5CJ8U5EG;
				GENERATE_INFOPLIST_FILE = YES;
				INFOPLIST_FILE = ARShooter/Info.plist;
				INFOPLIST_KEY_NSCameraUsageDescription = "You need the camera to display cool ARKit content";
				INFOPLIST_KEY_UIApplicationSupportsIndirectInputEvents = YES;
				INFOPLIST_KEY_UILaunchStoryboardName = LaunchScreen;
				INFOPLIST_KEY_UIMainStoryboardFile = Main;
				INFOPLIST_KEY_UISupportedInterfaceOrientations_iPad = "UIInterfaceOrientationPortrait UIInterfaceOrientationPortraitUpsideDown UIInterfaceOrientationLandscapeLeft UIInterfaceOrientationLandscapeRight";
				INFOPLIST_KEY_UISupportedInterfaceOrientations_iPhone = "UIInterfaceOrientationPortrait UIInterfaceOrientationLandscapeLeft UIInterfaceOrientationLandscapeRight";
				LD_RUNPATH_SEARCH_PATHS = (
					"$(inherited)",
					"@executable_path/Frameworks",
				);
				MARKETING_VERSION = 1.0;
				PRODUCT_BUNDLE_IDENTIFIER = pro.eventyr.ARShooter;
				PRODUCT_NAME = "$(TARGET_NAME)";
				SWIFT_EMIT_LOC_STRINGS = YES;
				SWIFT_VERSION = 5.0;
				TARGETED_DEVICE_FAMILY = "1,2";
			};
			name = Release;
		};
/* End XCBuildConfiguration section */

/* Begin XCConfigurationList section */
		6E2843742B19BD8A009419DC /* Build configuration list for PBXProject "ARShooter" */ = {
			isa = XCConfigurationList;
			buildConfigurations = (
				6E28438B2B19BD8B009419DC /* Debug */,
				6E28438C2B19BD8B009419DC /* Release */,
			);
			defaultConfigurationIsVisible = 0;
			defaultConfigurationName = Release;
		};
		6E28438D2B19BD8B009419DC /* Build configuration list for PBXNativeTarget "ARShooter" */ = {
			isa = XCConfigurationList;
			buildConfigurations = (
				6E28438E2B19BD8B009419DC /* Debug */,
				6E28438F2B19BD8B009419DC /* Release */,
			);
			defaultConfigurationIsVisible = 0;
			defaultConfigurationName = Release;
		};
/* End XCConfigurationList section */
	};
	rootObject = 6E2843712B19BD8A009419DC /* Project object */;
}
